
Microsoft Visual Studio Solution File, Format Version 12.00
# Visual Studio 15
VisualStudioVersion = 15.0.28010.2050
MinimumVisualStudioVersion = 10.0.40219.1
Project("{FAE04EC0-301F-11D3-BF4B-00C04F79EFBC}") = "story-teller", "story-teller\story-teller.csproj", "{AA7F061B-6F6A-4FF6-A8F5-190AA3A4530E}"
EndProject
Global
	GlobalSection(SolutionConfigurationPlatforms) = preSolution
		Debug|Any CPU = Debug|Any CPU
		Release|Any CPU = Release|Any CPU
	EndGlobalSection
	GlobalSection(ProjectConfigurationPlatforms) = postSolution
		{AA7F061B-6F6A-4FF6-A8F5-190AA3A4530E}.Debug|Any CPU.ActiveCfg = Debug|Any CPU
		{AA7F061B-6F6A-4FF6-A8F5-190AA3A4530E}.Debug|Any CPU.Build.0 = Debug|Any CPU
		{AA7F061B-6F6A-4FF6-A8F5-190AA3A4530E}.Release|Any CPU.ActiveCfg = Release|Any CPU
		{AA7F061B-6F6A-4FF6-A8F5-190AA3A4530E}.Release|Any CPU.Build.0 = Release|Any CPU
	EndGlobalSection
	GlobalSection(SolutionProperties) = preSolution
		HideSolutionNode = FALSE
	EndGlobalSection
	GlobalSection(ExtensibilityGlobals) = postSolution
		SolutionGuid = {F6166167-210C-44ED-963E-ABD55AF82496}
	EndGlobalSection
EndGlobal
