
Microsoft Visual Studio Solution File, Format Version 12.00
# Visual Studio 15
VisualStudioVersion = 15.0.28010.2050
MinimumVisualStudioVersion = 10.0.40219.1
Project("{FAE04EC0-301F-11D3-BF4B-00C04F79EFBC}") = "Learning", "Learning\Learning.csproj", "{CD1E0D7B-7805-48C6-9544-4AD7B0DBF62C}"
EndProject
Global
	GlobalSection(SolutionConfigurationPlatforms) = preSolution
		Debug|Any CPU = Debug|Any CPU
		Release|Any CPU = Release|Any CPU
	EndGlobalSection
	GlobalSection(ProjectConfigurationPlatforms) = postSolution
		{CD1E0D7B-7805-48C6-9544-4AD7B0DBF62C}.Debug|Any CPU.ActiveCfg = Debug|Any CPU
		{CD1E0D7B-7805-48C6-9544-4AD7B0DBF62C}.Debug|Any CPU.Build.0 = Debug|Any CPU
		{CD1E0D7B-7805-48C6-9544-4AD7B0DBF62C}.Release|Any CPU.ActiveCfg = Release|Any CPU
		{CD1E0D7B-7805-48C6-9544-4AD7B0DBF62C}.Release|Any CPU.Build.0 = Release|Any CPU
	EndGlobalSection
	GlobalSection(SolutionProperties) = preSolution
		HideSolutionNode = FALSE
	EndGlobalSection
	GlobalSection(ExtensibilityGlobals) = postSolution
		SolutionGuid = {F6166167-210C-44ED-963E-ABD55AF82496}
	EndGlobalSection
EndGlobal
